// !$*UTF8*$!
{
	archiveVersion = 1;
	classes = {
	};
	objectVersion = 48;
	objects = {

/* Begin PBXBuildFile section */
		AA996F5A1FE1AD3100FDF6D5 /* Assets.xcassets in Resources */ = {isa = PBXBuildFile; fileRef = AA996F591FE1AD3100FDF6D5 /* Assets.xcassets */; };
		AAE79AFE1F8E9E4700FE0078 /* AppDelegate.swift in Sources */ = {isa = PBXBuildFile; fileRef = AAE79AFD1F8E9E4700FE0078 /* AppDelegate.swift */; };
		AAE79B001F8E9E4700FE0078 /* GameScene.sks in Resources */ = {isa = PBXBuildFile; fileRef = AAE79AFF1F8E9E4700FE0078 /* GameScene.sks */; };
		AAE79B021F8E9E4700FE0078 /* Actions.sks in Resources */ = {isa = PBXBuildFile; fileRef = AAE79B011F8E9E4700FE0078 /* Actions.sks */; };
		AAE79B041F8E9E4700FE0078 /* GameScene.swift in Sources */ = {isa = PBXBuildFile; fileRef = AAE79B031F8E9E4700FE0078 /* GameScene.swift */; };
		AAE79B061F8E9E4700FE0078 /* GameViewController.swift in Sources */ = {isa = PBXBuildFile; fileRef = AAE79B051F8E9E4700FE0078 /* GameViewController.swift */; };
		AAE79B091F8E9E4700FE0078 /* Main.storyboard in Resources */ = {isa = PBXBuildFile; fileRef = AAE79B071F8E9E4700FE0078 /* Main.storyboard */; };
		AAE79B0B1F8E9E4700FE0078 /* Assets.xcassets in Resources */ = {isa = PBXBuildFile; fileRef = AAE79B0A1F8E9E4700FE0078 /* Assets.xcassets */; };
		AAE79B0E1F8E9E4700FE0078 /* LaunchScreen.storyboard in Resources */ = {isa = PBXBuildFile; fileRef = AAE79B0C1F8E9E4700FE0078 /* LaunchScreen.storyboard */; };
		AAE79B1B1F8E9E6100FE0078 /* Interface.storyboard in Resources */ = {isa = PBXBuildFile; fileRef = AAE79B191F8E9E6100FE0078 /* Interface.storyboard */; };
		AAE79B1D1F8E9E6100FE0078 /* Assets.xcassets in Resources */ = {isa = PBXBuildFile; fileRef = AAE79B1C1F8E9E6100FE0078 /* Assets.xcassets */; };
		AAE79B241F8E9E6100FE0078 /* WWR Extension.appex in Embed App Extensions */ = {isa = PBXBuildFile; fileRef = AAE79B231F8E9E6100FE0078 /* WWR Extension.appex */; settings = {ATTRIBUTES = (RemoveHeadersOnCopy, ); }; };
		AAE79B291F8E9E6100FE0078 /* GameInterfaceController.swift in Sources */ = {isa = PBXBuildFile; fileRef = AAE79B281F8E9E6100FE0078 /* GameInterfaceController.swift */; };
		AAE79B2B1F8E9E6100FE0078 /* GameScene.sks in Resources */ = {isa = PBXBuildFile; fileRef = AAE79B2A1F8E9E6100FE0078 /* GameScene.sks */; };
		AAE79B2D1F8E9E6100FE0078 /* GameScene.swift in Sources */ = {isa = PBXBuildFile; fileRef = AAE79B2C1F8E9E6100FE0078 /* GameScene.swift */; };
		AAE79B2F1F8E9E6100FE0078 /* ExtensionDelegate.swift in Sources */ = {isa = PBXBuildFile; fileRef = AAE79B2E1F8E9E6100FE0078 /* ExtensionDelegate.swift */; };
		AAE79B311F8E9E6100FE0078 /* NotificationController.swift in Sources */ = {isa = PBXBuildFile; fileRef = AAE79B301F8E9E6100FE0078 /* NotificationController.swift */; };
		AAE79B331F8E9E6100FE0078 /* ComplicationController.swift in Sources */ = {isa = PBXBuildFile; fileRef = AAE79B321F8E9E6100FE0078 /* ComplicationController.swift */; };
		AAE79B3A1F8E9E6100FE0078 /* WWR.app in Embed Watch Content */ = {isa = PBXBuildFile; fileRef = AAE79B171F8E9E6100FE0078 /* WWR.app */; };
/* End PBXBuildFile section */

/* Begin PBXContainerItemProxy section */
		AAE79B251F8E9E6100FE0078 /* PBXContainerItemProxy */ = {
			isa = PBXContainerItemProxy;
			containerPortal = AAE79AF21F8E9E4700FE0078 /* Project object */;
			proxyType = 1;
			remoteGlobalIDString = AAE79B221F8E9E6100FE0078;
			remoteInfo = "WWR Extension";
		};
		AAE79B381F8E9E6100FE0078 /* PBXContainerItemProxy */ = {
			isa = PBXContainerItemProxy;
			containerPortal = AAE79AF21F8E9E4700FE0078 /* Project object */;
			proxyType = 1;
			remoteGlobalIDString = AAE79B161F8E9E6100FE0078;
			remoteInfo = WWR;
		};
/* End PBXContainerItemProxy section */

/* Begin PBXCopyFilesBuildPhase section */
		AAE79B3E1F8E9E6100FE0078 /* Embed App Extensions */ = {
			isa = PBXCopyFilesBuildPhase;
			buildActionMask = 2147483647;
			dstPath = "";
			dstSubfolderSpec = 13;
			files = (
				AAE79B241F8E9E6100FE0078 /* WWR Extension.appex in Embed App Extensions */,
			);
			name = "Embed App Extensions";
			runOnlyForDeploymentPostprocessing = 0;
		};
		AAE79B421F8E9E6100FE0078 /* Embed Watch Content */ = {
			isa = PBXCopyFilesBuildPhase;
			buildActionMask = 2147483647;
			dstPath = "$(CONTENTS_FOLDER_PATH)/Watch";
			dstSubfolderSpec = 16;
			files = (
				AAE79B3A1F8E9E6100FE0078 /* WWR.app in Embed Watch Content */,
			);
			name = "Embed Watch Content";
			runOnlyForDeploymentPostprocessing = 0;
		};
/* End PBXCopyFilesBuildPhase section */

/* Begin PBXFileReference section */
		AA996F591FE1AD3100FDF6D5 /* Assets.xcassets */ = {isa = PBXFileReference; lastKnownFileType = folder.assetcatalog; path = Assets.xcassets; sourceTree = "<group>"; };
		AAE79AFA1F8E9E4700FE0078 /* WristRacer.app */ = {isa = PBXFileReference; explicitFileType = wrapper.application; includeInIndex = 0; path = WristRacer.app; sourceTree = BUILT_PRODUCTS_DIR; };
		AAE79AFD1F8E9E4700FE0078 /* AppDelegate.swift */ = {isa = PBXFileReference; lastKnownFileType = sourcecode.swift; path = AppDelegate.swift; sourceTree = "<group>"; };
		AAE79AFF1F8E9E4700FE0078 /* GameScene.sks */ = {isa = PBXFileReference; lastKnownFileType = file.sks; path = GameScene.sks; sourceTree = "<group>"; };
		AAE79B011F8E9E4700FE0078 /* Actions.sks */ = {isa = PBXFileReference; lastKnownFileType = file.sks; path = Actions.sks; sourceTree = "<group>"; };
		AAE79B031F8E9E4700FE0078 /* GameScene.swift */ = {isa = PBXFileReference; lastKnownFileType = sourcecode.swift; path = GameScene.swift; sourceTree = "<group>"; };
		AAE79B051F8E9E4700FE0078 /* GameViewController.swift */ = {isa = PBXFileReference; lastKnownFileType = sourcecode.swift; path = GameViewController.swift; sourceTree = "<group>"; };
		AAE79B081F8E9E4700FE0078 /* Base */ = {isa = PBXFileReference; lastKnownFileType = file.storyboard; name = Base; path = Base.lproj/Main.storyboard; sourceTree = "<group>"; };
		AAE79B0A1F8E9E4700FE0078 /* Assets.xcassets */ = {isa = PBXFileReference; lastKnownFileType = folder.assetcatalog; path = Assets.xcassets; sourceTree = "<group>"; };
		AAE79B0D1F8E9E4700FE0078 /* Base */ = {isa = PBXFileReference; lastKnownFileType = file.storyboard; name = Base; path = Base.lproj/LaunchScreen.storyboard; sourceTree = "<group>"; };
		AAE79B0F1F8E9E4700FE0078 /* Info.plist */ = {isa = PBXFileReference; lastKnownFileType = text.plist.xml; path = Info.plist; sourceTree = "<group>"; };
		AAE79B171F8E9E6100FE0078 /* WWR.app */ = {isa = PBXFileReference; explicitFileType = wrapper.application; includeInIndex = 0; path = WWR.app; sourceTree = BUILT_PRODUCTS_DIR; };
		AAE79B1A1F8E9E6100FE0078 /* Base */ = {isa = PBXFileReference; lastKnownFileType = file.storyboard; name = Base; path = Base.lproj/Interface.storyboard; sourceTree = "<group>"; };
		AAE79B1C1F8E9E6100FE0078 /* Assets.xcassets */ = {isa = PBXFileReference; lastKnownFileType = folder.assetcatalog; path = Assets.xcassets; sourceTree = "<group>"; };
		AAE79B1E1F8E9E6100FE0078 /* Info.plist */ = {isa = PBXFileReference; lastKnownFileType = text.plist.xml; path = Info.plist; sourceTree = "<group>"; };
		AAE79B231F8E9E6100FE0078 /* WWR Extension.appex */ = {isa = PBXFileReference; explicitFileType = "wrapper.app-extension"; includeInIndex = 0; path = "WWR Extension.appex"; sourceTree = BUILT_PRODUCTS_DIR; };
		AAE79B281F8E9E6100FE0078 /* GameInterfaceController.swift */ = {isa = PBXFileReference; lastKnownFileType = sourcecode.swift; path = GameInterfaceController.swift; sourceTree = "<group>"; };
		AAE79B2A1F8E9E6100FE0078 /* GameScene.sks */ = {isa = PBXFileReference; lastKnownFileType = file.sks; path = GameScene.sks; sourceTree = "<group>"; };
		AAE79B2C1F8E9E6100FE0078 /* GameScene.swift */ = {isa = PBXFileReference; lastKnownFileType = sourcecode.swift; path = GameScene.swift; sourceTree = "<group>"; };
		AAE79B2E1F8E9E6100FE0078 /* ExtensionDelegate.swift */ = {isa = PBXFileReference; lastKnownFileType = sourcecode.swift; path = ExtensionDelegate.swift; sourceTree = "<group>"; };
		AAE79B301F8E9E6100FE0078 /* NotificationController.swift */ = {isa = PBXFileReference; lastKnownFileType = sourcecode.swift; path = NotificationController.swift; sourceTree = "<group>"; };
		AAE79B321F8E9E6100FE0078 /* ComplicationController.swift */ = {isa = PBXFileReference; lastKnownFileType = sourcecode.swift; path = ComplicationController.swift; sourceTree = "<group>"; };
		AAE79B361F8E9E6100FE0078 /* Info.plist */ = {isa = PBXFileReference; lastKnownFileType = text.plist.xml; path = Info.plist; sourceTree = "<group>"; };
		AAE79B371F8E9E6100FE0078 /* PushNotificationPayload.apns */ = {isa = PBXFileReference; lastKnownFileType = text; path = PushNotificationPayload.apns; sourceTree = "<group>"; };
/* End PBXFileReference section */

/* Begin PBXFrameworksBuildPhase section */
		AAE79AF71F8E9E4700FE0078 /* Frameworks */ = {
			isa = PBXFrameworksBuildPhase;
			buildActionMask = 2147483647;
			files = (
			);
			runOnlyForDeploymentPostprocessing = 0;
		};
		AAE79B201F8E9E6100FE0078 /* Frameworks */ = {
			isa = PBXFrameworksBuildPhase;
			buildActionMask = 2147483647;
			files = (
			);
			runOnlyForDeploymentPostprocessing = 0;
		};
/* End PBXFrameworksBuildPhase section */

/* Begin PBXGroup section */
		AAE79AF11F8E9E4700FE0078 = {
			isa = PBXGroup;
			children = (
				AAE79AFC1F8E9E4700FE0078 /* WristRacer */,
				AAE79B181F8E9E6100FE0078 /* WWR */,
				AAE79B271F8E9E6100FE0078 /* WWR Extension */,
				AAE79AFB1F8E9E4700FE0078 /* Products */,
			);
			sourceTree = "<group>";
		};
		AAE79AFB1F8E9E4700FE0078 /* Products */ = {
			isa = PBXGroup;
			children = (
				AAE79AFA1F8E9E4700FE0078 /* WristRacer.app */,
				AAE79B171F8E9E6100FE0078 /* WWR.app */,
				AAE79B231F8E9E6100FE0078 /* WWR Extension.appex */,
			);
			name = Products;
			sourceTree = "<group>";
		};
		AAE79AFC1F8E9E4700FE0078 /* WristRacer */ = {
			isa = PBXGroup;
			children = (
				AAE79AFD1F8E9E4700FE0078 /* AppDelegate.swift */,
				AAE79AFF1F8E9E4700FE0078 /* GameScene.sks */,
				AAE79B011F8E9E4700FE0078 /* Actions.sks */,
				AAE79B031F8E9E4700FE0078 /* GameScene.swift */,
				AAE79B051F8E9E4700FE0078 /* GameViewController.swift */,
				AAE79B071F8E9E4700FE0078 /* Main.storyboard */,
				AAE79B0A1F8E9E4700FE0078 /* Assets.xcassets */,
				AAE79B0C1F8E9E4700FE0078 /* LaunchScreen.storyboard */,
				AAE79B0F1F8E9E4700FE0078 /* Info.plist */,
			);
			path = WristRacer;
			sourceTree = "<group>";
		};
		AAE79B181F8E9E6100FE0078 /* WWR */ = {
			isa = PBXGroup;
			children = (
				AAE79B191F8E9E6100FE0078 /* Interface.storyboard */,
				AAE79B1C1F8E9E6100FE0078 /* Assets.xcassets */,
				AAE79B1E1F8E9E6100FE0078 /* Info.plist */,
			);
			path = WWR;
			sourceTree = "<group>";
		};
		AAE79B271F8E9E6100FE0078 /* WWR Extension */ = {
			isa = PBXGroup;
			children = (
				AA996F591FE1AD3100FDF6D5 /* Assets.xcassets */,
				AAE79B281F8E9E6100FE0078 /* GameInterfaceController.swift */,
				AAE79B2A1F8E9E6100FE0078 /* GameScene.sks */,
				AAE79B2C1F8E9E6100FE0078 /* GameScene.swift */,
				AAE79B2E1F8E9E6100FE0078 /* ExtensionDelegate.swift */,
				AAE79B301F8E9E6100FE0078 /* NotificationController.swift */,
				AAE79B321F8E9E6100FE0078 /* ComplicationController.swift */,
				AAE79B361F8E9E6100FE0078 /* Info.plist */,
				AAE79B371F8E9E6100FE0078 /* PushNotificationPayload.apns */,
			);
			path = "WWR Extension";
			sourceTree = "<group>";
		};
/* End PBXGroup section */

/* Begin PBXNativeTarget section */
		AAE79AF91F8E9E4700FE0078 /* WristRacer */ = {
			isa = PBXNativeTarget;
			buildConfigurationList = AAE79B121F8E9E4700FE0078 /* Build configuration list for PBXNativeTarget "WristRacer" */;
			buildPhases = (
				AAE79AF61F8E9E4700FE0078 /* Sources */,
				AAE79AF71F8E9E4700FE0078 /* Frameworks */,
				AAE79AF81F8E9E4700FE0078 /* Resources */,
				AAE79B421F8E9E6100FE0078 /* Embed Watch Content */,
			);
			buildRules = (
			);
			dependencies = (
				AAE79B391F8E9E6100FE0078 /* PBXTargetDependency */,
			);
			name = WristRacer;
			productName = WristRacer;
			productReference = AAE79AFA1F8E9E4700FE0078 /* WristRacer.app */;
			productType = "com.apple.product-type.application";
		};
		AAE79B161F8E9E6100FE0078 /* WWR */ = {
			isa = PBXNativeTarget;
			buildConfigurationList = AAE79B3F1F8E9E6100FE0078 /* Build configuration list for PBXNativeTarget "WWR" */;
			buildPhases = (
				AAE79B151F8E9E6100FE0078 /* Resources */,
				AAE79B3E1F8E9E6100FE0078 /* Embed App Extensions */,
			);
			buildRules = (
			);
			dependencies = (
				AAE79B261F8E9E6100FE0078 /* PBXTargetDependency */,
			);
			name = WWR;
			productName = WWR;
			productReference = AAE79B171F8E9E6100FE0078 /* WWR.app */;
			productType = "com.apple.product-type.application.watchapp2";
		};
		AAE79B221F8E9E6100FE0078 /* WWR Extension */ = {
			isa = PBXNativeTarget;
			buildConfigurationList = AAE79B3B1F8E9E6100FE0078 /* Build configuration list for PBXNativeTarget "WWR Extension" */;
			buildPhases = (
				AAE79B1F1F8E9E6100FE0078 /* Sources */,
				AAE79B201F8E9E6100FE0078 /* Frameworks */,
				AAE79B211F8E9E6100FE0078 /* Resources */,
			);
			buildRules = (
			);
			dependencies = (
			);
			name = "WWR Extension";
			productName = "WWR Extension";
			productReference = AAE79B231F8E9E6100FE0078 /* WWR Extension.appex */;
			productType = "com.apple.product-type.watchkit2-extension";
		};
/* End PBXNativeTarget section */

/* Begin PBXProject section */
		AAE79AF21F8E9E4700FE0078 /* Project object */ = {
			isa = PBXProject;
			attributes = {
				LastSwiftUpdateCheck = 0900;
				LastUpgradeCheck = 0900;
				ORGANIZATIONNAME = "Feihong Zhao";
				TargetAttributes = {
					AAE79AF91F8E9E4700FE0078 = {
						CreatedOnToolsVersion = 9.0;
						ProvisioningStyle = Automatic;
					};
					AAE79B161F8E9E6100FE0078 = {
						CreatedOnToolsVersion = 9.0;
						ProvisioningStyle = Automatic;
					};
					AAE79B221F8E9E6100FE0078 = {
						CreatedOnToolsVersion = 9.0;
						ProvisioningStyle = Automatic;
					};
				};
			};
			buildConfigurationList = AAE79AF51F8E9E4700FE0078 /* Build configuration list for PBXProject "WristRacer" */;
			compatibilityVersion = "Xcode 8.0";
			developmentRegion = en;
			hasScannedForEncodings = 0;
			knownRegions = (
				en,
				Base,
			);
			mainGroup = AAE79AF11F8E9E4700FE0078;
			productRefGroup = AAE79AFB1F8E9E4700FE0078 /* Products */;
			projectDirPath = "";
			projectRoot = "";
			targets = (
				AAE79AF91F8E9E4700FE0078 /* WristRacer */,
				AAE79B161F8E9E6100FE0078 /* WWR */,
				AAE79B221F8E9E6100FE0078 /* WWR Extension */,
			);
		};
/* End PBXProject section */

/* Begin PBXResourcesBuildPhase section */
		AAE79AF81F8E9E4700FE0078 /* Resources */ = {
			isa = PBXResourcesBuildPhase;
			buildActionMask = 2147483647;
			files = (
				AAE79B091F8E9E4700FE0078 /* Main.storyboard in Resources */,
				AAE79B001F8E9E4700FE0078 /* GameScene.sks in Resources */,
				AAE79B0B1F8E9E4700FE0078 /* Assets.xcassets in Resources */,
				AAE79B0E1F8E9E4700FE0078 /* LaunchScreen.storyboard in Resources */,
				AAE79B021F8E9E4700FE0078 /* Actions.sks in Resources */,
			);
			runOnlyForDeploymentPostprocessing = 0;
		};
		AAE79B151F8E9E6100FE0078 /* Resources */ = {
			isa = PBXResourcesBuildPhase;
			buildActionMask = 2147483647;
			files = (
				AAE79B1D1F8E9E6100FE0078 /* Assets.xcassets in Resources */,
				AAE79B1B1F8E9E6100FE0078 /* Interface.storyboard in Resources */,
			);
			runOnlyForDeploymentPostprocessing = 0;
		};
		AAE79B211F8E9E6100FE0078 /* Resources */ = {
			isa = PBXResourcesBuildPhase;
			buildActionMask = 2147483647;
			files = (
				AA996F5A1FE1AD3100FDF6D5 /* Assets.xcassets in Resources */,
				AAE79B2B1F8E9E6100FE0078 /* GameScene.sks in Resources */,
			);
			runOnlyForDeploymentPostprocessing = 0;
		};
/* End PBXResourcesBuildPhase section */

/* Begin PBXSourcesBuildPhase section */
		AAE79AF61F8E9E4700FE0078 /* Sources */ = {
			isa = PBXSourcesBuildPhase;
			buildActionMask = 2147483647;
			files = (
				AAE79B041F8E9E4700FE0078 /* GameScene.swift in Sources */,
				AAE79B061F8E9E4700FE0078 /* GameViewController.swift in Sources */,
				AAE79AFE1F8E9E4700FE0078 /* AppDelegate.swift in Sources */,
			);
			runOnlyForDeploymentPostprocessing = 0;
		};
		AAE79B1F1F8E9E6100FE0078 /* Sources */ = {
			isa = PBXSourcesBuildPhase;
			buildActionMask = 2147483647;
			files = (
				AAE79B2D1F8E9E6100FE0078 /* GameScene.swift in Sources */,
				AAE79B291F8E9E6100FE0078 /* GameInterfaceController.swift in Sources */,
				AAE79B331F8E9E6100FE0078 /* ComplicationController.swift in Sources */,
				AAE79B311F8E9E6100FE0078 /* NotificationController.swift in Sources */,
				AAE79B2F1F8E9E6100FE0078 /* ExtensionDelegate.swift in Sources */,
			);
			runOnlyForDeploymentPostprocessing = 0;
		};
/* End PBXSourcesBuildPhase section */

/* Begin PBXTargetDependency section */
		AAE79B261F8E9E6100FE0078 /* PBXTargetDependency */ = {
			isa = PBXTargetDependency;
			target = AAE79B221F8E9E6100FE0078 /* WWR Extension */;
			targetProxy = AAE79B251F8E9E6100FE0078 /* PBXContainerItemProxy */;
		};
		AAE79B391F8E9E6100FE0078 /* PBXTargetDependency */ = {
			isa = PBXTargetDependency;
			target = AAE79B161F8E9E6100FE0078 /* WWR */;
			targetProxy = AAE79B381F8E9E6100FE0078 /* PBXContainerItemProxy */;
		};
/* End PBXTargetDependency section */

/* Begin PBXVariantGroup section */
		AAE79B071F8E9E4700FE0078 /* Main.storyboard */ = {
			isa = PBXVariantGroup;
			children = (
				AAE79B081F8E9E4700FE0078 /* Base */,
			);
			name = Main.storyboard;
			sourceTree = "<group>";
		};
		AAE79B0C1F8E9E4700FE0078 /* LaunchScreen.storyboard */ = {
			isa = PBXVariantGroup;
			children = (
				AAE79B0D1F8E9E4700FE0078 /* Base */,
			);
			name = LaunchScreen.storyboard;
			sourceTree = "<group>";
		};
		AAE79B191F8E9E6100FE0078 /* Interface.storyboard */ = {
			isa = PBXVariantGroup;
			children = (
				AAE79B1A1F8E9E6100FE0078 /* Base */,
			);
			name = Interface.storyboard;
			sourceTree = "<group>";
		};
/* End PBXVariantGroup section */

/* Begin XCBuildConfiguration section */
		AAE79B101F8E9E4700FE0078 /* Debug */ = {
			isa = XCBuildConfiguration;
			buildSettings = {
				ALWAYS_SEARCH_USER_PATHS = NO;
				CLANG_ANALYZER_NONNULL = YES;
				CLANG_ANALYZER_NUMBER_OBJECT_CONVERSION = YES_AGGRESSIVE;
				CLANG_CXX_LANGUAGE_STANDARD = "gnu++14";
				CLANG_CXX_LIBRARY = "libc++";
				CLANG_ENABLE_MODULES = YES;
				CLANG_ENABLE_OBJC_ARC = YES;
				CLANG_WARN_BLOCK_CAPTURE_AUTORELEASING = YES;
				CLANG_WARN_BOOL_CONVERSION = YES;
				CLANG_WARN_COMMA = YES;
				CLANG_WARN_CONSTANT_CONVERSION = YES;
				CLANG_WARN_DIRECT_OBJC_ISA_USAGE = YES_ERROR;
				CLANG_WARN_DOCUMENTATION_COMMENTS = YES;
				CLANG_WARN_EMPTY_BODY = YES;
				CLANG_WARN_ENUM_CONVERSION = YES;
				CLANG_WARN_INFINITE_RECURSION = YES;
				CLANG_WARN_INT_CONVERSION = YES;
				CLANG_WARN_NON_LITERAL_NULL_CONVERSION = YES;
				CLANG_WARN_OBJC_LITERAL_CONVERSION = YES;
				CLANG_WARN_OBJC_ROOT_CLASS = YES_ERROR;
				CLANG_WARN_RANGE_LOOP_ANALYSIS = YES;
				CLANG_WARN_STRICT_PROTOTYPES = YES;
				CLANG_WARN_SUSPICIOUS_MOVE = YES;
				CLANG_WARN_UNGUARDED_AVAILABILITY = YES_AGGRESSIVE;
				CLANG_WARN_UNREACHABLE_CODE = YES;
				CLANG_WARN__DUPLICATE_METHOD_MATCH = YES;
				CODE_SIGN_IDENTITY = "iPhone Developer";
				COPY_PHASE_STRIP = NO;
				DEBUG_INFORMATION_FORMAT = dwarf;
				ENABLE_STRICT_OBJC_MSGSEND = YES;
				ENABLE_TESTABILITY = YES;
				GCC_C_LANGUAGE_STANDARD = gnu11;
				GCC_DYNAMIC_NO_PIC = NO;
				GCC_NO_COMMON_BLOCKS = YES;
				GCC_OPTIMIZATION_LEVEL = 0;
				GCC_PREPROCESSOR_DEFINITIONS = (
					"DEBUG=1",
					"$(inherited)",
				);
				GCC_WARN_64_TO_32_BIT_CONVERSION = YES;
				GCC_WARN_ABOUT_RETURN_TYPE = YES_ERROR;
				GCC_WARN_UNDECLARED_SELECTOR = YES;
				GCC_WARN_UNINITIALIZED_AUTOS = YES_AGGRESSIVE;
				GCC_WARN_UNUSED_FUNCTION = YES;
				GCC_WARN_UNUSED_VARIABLE = YES;
				IPHONEOS_DEPLOYMENT_TARGET = 11.0;
				MTL_ENABLE_DEBUG_INFO = YES;
				ONLY_ACTIVE_ARCH = YES;
				SDKROOT = iphoneos;
				SWIFT_ACTIVE_COMPILATION_CONDITIONS = DEBUG;
				SWIFT_OPTIMIZATION_LEVEL = "-Onone";
			};
			name = Debug;
		};
		AAE79B111F8E9E4700FE0078 /* Release */ = {
			isa = XCBuildConfiguration;
			buildSettings = {
				ALWAYS_SEARCH_USER_PATHS = NO;
				CLANG_ANALYZER_NONNULL = YES;
				CLANG_ANALYZER_NUMBER_OBJECT_CONVERSION = YES_AGGRESSIVE;
				CLANG_CXX_LANGUAGE_STANDARD = "gnu++14";
				CLANG_CXX_LIBRARY = "libc++";
				CLANG_ENABLE_MODULES = YES;
				CLANG_ENABLE_OBJC_ARC = YES;
				CLANG_WARN_BLOCK_CAPTURE_AUTORELEASING = YES;
				CLANG_WARN_BOOL_CONVERSION = YES;
				CLANG_WARN_COMMA = YES;
				CLANG_WARN_CONSTANT_CONVERSION = YES;
				CLANG_WARN_DIRECT_OBJC_ISA_USAGE = YES_ERROR;
				CLANG_WARN_DOCUMENTATION_COMMENTS = YES;
				CLANG_WARN_EMPTY_BODY = YES;
				CLANG_WARN_ENUM_CONVERSION = YES;
				CLANG_WARN_INFINITE_RECURSION = YES;
				CLANG_WARN_INT_CONVERSION = YES;
				CLANG_WARN_NON_LITERAL_NULL_CONVERSION = YES;
				CLANG_WARN_OBJC_LITERAL_CONVERSION = YES;
				CLANG_WARN_OBJC_ROOT_CLASS = YES_ERROR;
				CLANG_WARN_RANGE_LOOP_ANALYSIS = YES;
				CLANG_WARN_STRICT_PROTOTYPES = YES;
				CLANG_WARN_SUSPICIOUS_MOVE = YES;
				CLANG_WARN_UNGUARDED_AVAILABILITY = YES_AGGRESSIVE;
				CLANG_WARN_UNREACHABLE_CODE = YES;
				CLANG_WARN__DUPLICATE_METHOD_MATCH = YES;
				CODE_SIGN_IDENTITY = "iPhone Developer";
				COPY_PHASE_STRIP = NO;
				DEBUG_INFORMATION_FORMAT = "dwarf-with-dsym";
				ENABLE_NS_ASSERTIONS = NO;
				ENABLE_STRICT_OBJC_MSGSEND = YES;
				GCC_C_LANGUAGE_STANDARD = gnu11;
				GCC_NO_COMMON_BLOCKS = YES;
				GCC_WARN_64_TO_32_BIT_CONVERSION = YES;
				GCC_WARN_ABOUT_RETURN_TYPE = YES_ERROR;
				GCC_WARN_UNDECLARED_SELECTOR = YES;
				GCC_WARN_UNINITIALIZED_AUTOS = YES_AGGRESSIVE;
				GCC_WARN_UNUSED_FUNCTION = YES;
				GCC_WARN_UNUSED_VARIABLE = YES;
				IPHONEOS_DEPLOYMENT_TARGET = 11.0;
				MTL_ENABLE_DEBUG_INFO = NO;
				SDKROOT = iphoneos;
				SWIFT_OPTIMIZATION_LEVEL = "-Owholemodule";
				VALIDATE_PRODUCT = YES;
			};
			name = Release;
		};
		AAE79B131F8E9E4700FE0078 /* Debug */ = {
			isa = XCBuildConfiguration;
			buildSettings = {
				ASSETCATALOG_COMPILER_APPICON_NAME = AppIcon;
				CODE_SIGN_STYLE = Automatic;
				DEVELOPMENT_TEAM = 2C8H3W834D;
				INFOPLIST_FILE = WristRacer/Info.plist;
				LD_RUNPATH_SEARCH_PATHS = "$(inherited) @executable_path/Frameworks";
				PRODUCT_BUNDLE_IDENTIFIER = com.feihogndesign.www.WristRacer;
				PRODUCT_NAME = "$(TARGET_NAME)";
				SWIFT_VERSION = 4.0;
				TARGETED_DEVICE_FAMILY = "1,2";
			};
			name = Debug;
		};
		AAE79B141F8E9E4700FE0078 /* Release */ = {
			isa = XCBuildConfiguration;
			buildSettings = {
				ASSETCATALOG_COMPILER_APPICON_NAME = AppIcon;
				CODE_SIGN_STYLE = Automatic;
				DEVELOPMENT_TEAM = 2C8H3W834D;
				INFOPLIST_FILE = WristRacer/Info.plist;
				LD_RUNPATH_SEARCH_PATHS = "$(inherited) @executable_path/Frameworks";
				PRODUCT_BUNDLE_IDENTIFIER = com.feihogndesign.www.WristRacer;
				PRODUCT_NAME = "$(TARGET_NAME)";
				SWIFT_VERSION = 4.0;
				TARGETED_DEVICE_FAMILY = "1,2";
			};
			name = Release;
		};
		AAE79B3C1F8E9E6100FE0078 /* Debug */ = {
			isa = XCBuildConfiguration;
			buildSettings = {
				ASSETCATALOG_COMPILER_COMPLICATION_NAME = Complication;
				CODE_SIGN_STYLE = Automatic;
				DEVELOPMENT_TEAM = 2C8H3W834D;
				INFOPLIST_FILE = "WWR Extension/Info.plist";
				LD_RUNPATH_SEARCH_PATHS = "$(inherited) @executable_path/Frameworks @executable_path/../../Frameworks";
				PRODUCT_BUNDLE_IDENTIFIER = com.feihogndesign.www.WristRacer.watchkitapp.watchkitextension;
				PRODUCT_NAME = "${TARGET_NAME}";
				SDKROOT = watchos;
				SKIP_INSTALL = YES;
				SWIFT_VERSION = 4.0;
				TARGETED_DEVICE_FAMILY = 4;
				WATCHOS_DEPLOYMENT_TARGET = 4.0;
			};
			name = Debug;
		};
		AAE79B3D1F8E9E6100FE0078 /* Release */ = {
			isa = XCBuildConfiguration;
			buildSettings = {
				ASSETCATALOG_COMPILER_COMPLICATION_NAME = Complication;
				CODE_SIGN_STYLE = Automatic;
				DEVELOPMENT_TEAM = 2C8H3W834D;
				INFOPLIST_FILE = "WWR Extension/Info.plist";
				LD_RUNPATH_SEARCH_PATHS = "$(inherited) @executable_path/Frameworks @executable_path/../../Frameworks";
				PRODUCT_BUNDLE_IDENTIFIER = com.feihogndesign.www.WristRacer.watchkitapp.watchkitextension;
				PRODUCT_NAME = "${TARGET_NAME}";
				SDKROOT = watchos;
				SKIP_INSTALL = YES;
				SWIFT_VERSION = 4.0;
				TARGETED_DEVICE_FAMILY = 4;
				WATCHOS_DEPLOYMENT_TARGET = 4.0;
			};
			name = Release;
		};
		AAE79B401F8E9E6100FE0078 /* Debug */ = {
			isa = XCBuildConfiguration;
			buildSettings = {
				ALWAYS_EMBED_SWIFT_STANDARD_LIBRARIES = YES;
				ASSETCATALOG_COMPILER_APPICON_NAME = AppIcon;
				CODE_SIGN_STYLE = Automatic;
				DEVELOPMENT_TEAM = 2C8H3W834D;
				IBSC_MODULE = WWR_Extension;
				INFOPLIST_FILE = WWR/Info.plist;
				PRODUCT_BUNDLE_IDENTIFIER = com.feihogndesign.www.WristRacer.watchkitapp;
				PRODUCT_NAME = "$(TARGET_NAME)";
				SDKROOT = watchos;
				SKIP_INSTALL = YES;
				SWIFT_VERSION = 4.0;
				TARGETED_DEVICE_FAMILY = 4;
				WATCHOS_DEPLOYMENT_TARGET = 4.0;
			};
			name = Debug;
		};
		AAE79B411F8E9E6100FE0078 /* Release */ = {
			isa = XCBuildConfiguration;
			buildSettings = {
				ALWAYS_EMBED_SWIFT_STANDARD_LIBRARIES = YES;
				ASSETCATALOG_COMPILER_APPICON_NAME = AppIcon;
				CODE_SIGN_STYLE = Automatic;
				DEVELOPMENT_TEAM = 2C8H3W834D;
				IBSC_MODULE = WWR_Extension;
				INFOPLIST_FILE = WWR/Info.plist;
				PRODUCT_BUNDLE_IDENTIFIER = com.feihogndesign.www.WristRacer.watchkitapp;
				PRODUCT_NAME = "$(TARGET_NAME)";
				SDKROOT = watchos;
				SKIP_INSTALL = YES;
				SWIFT_VERSION = 4.0;
				TARGETED_DEVICE_FAMILY = 4;
				WATCHOS_DEPLOYMENT_TARGET = 4.0;
			};
			name = Release;
		};
/* End XCBuildConfiguration section */

/* Begin XCConfigurationList section */
		AAE79AF51F8E9E4700FE0078 /* Build configuration list for PBXProject "WristRacer" */ = {
			isa = XCConfigurationList;
			buildConfigurations = (
				AAE79B101F8E9E4700FE0078 /* Debug */,
				AAE79B111F8E9E4700FE0078 /* Release */,
			);
			defaultConfigurationIsVisible = 0;
			defaultConfigurationName = Release;
		};
		AAE79B121F8E9E4700FE0078 /* Build configuration list for PBXNativeTarget "WristRacer" */ = {
			isa = XCConfigurationList;
			buildConfigurations = (
				AAE79B131F8E9E4700FE0078 /* Debug */,
				AAE79B141F8E9E4700FE0078 /* Release */,
			);
			defaultConfigurationIsVisible = 0;
			defaultConfigurationName = Release;
		};
		AAE79B3B1F8E9E6100FE0078 /* Build configuration list for PBXNativeTarget "WWR Extension" */ = {
			isa = XCConfigurationList;
			buildConfigurations = (
				AAE79B3C1F8E9E6100FE0078 /* Debug */,
				AAE79B3D1F8E9E6100FE0078 /* Release */,
			);
			defaultConfigurationIsVisible = 0;
			defaultConfigurationName = Release;
		};
		AAE79B3F1F8E9E6100FE0078 /* Build configuration list for PBXNativeTarget "WWR" */ = {
			isa = XCConfigurationList;
			buildConfigurations = (
				AAE79B401F8E9E6100FE0078 /* Debug */,
				AAE79B411F8E9E6100FE0078 /* Release */,
			);
			defaultConfigurationIsVisible = 0;
			defaultConfigurationName = Release;
		};
/* End XCConfigurationList section */
	};
	rootObject = AAE79AF21F8E9E4700FE0078 /* Project object */;
}
